
Microsoft Visual Studio Solution File, Format Version 12.00
# Visual Studio Version 17
VisualStudioVersion = 17.6.33723.286
MinimumVisualStudioVersion = 10.0.40219.1
Project("{FAE04EC0-301F-11D3-BF4B-00C04F79EFBC}") = "Webshop", "Webshop\Webshop.csproj", "{A6ABE897-A959-4A0B-9F68-1BC26F30598D}"
EndProject
Global
	GlobalSection(SolutionConfigurationPlatforms) = preSolution
		Debug|Any CPU = Debug|Any CPU
		Release|Any CPU = Release|Any CPU
	EndGlobalSection
	GlobalSection(ProjectConfigurationPlatforms) = postSolution
		{A6ABE897-A959-4A0B-9F68-1BC26F30598D}.Debug|Any CPU.ActiveCfg = Debug|Any CPU
		{A6ABE897-A959-4A0B-9F68-1BC26F30598D}.Debug|Any CPU.Build.0 = Debug|Any CPU
		{A6ABE897-A959-4A0B-9F68-1BC26F30598D}.Release|Any CPU.ActiveCfg = Release|Any CPU
		{A6ABE897-A959-4A0B-9F68-1BC26F30598D}.Release|Any CPU.Build.0 = Release|Any CPU
	EndGlobalSection
	GlobalSection(SolutionProperties) = preSolution
		HideSolutionNode = FALSE
	EndGlobalSection
	GlobalSection(ExtensibilityGlobals) = postSolution
		SolutionGuid = {26903768-E58D-45F3-8D25-7AC38D895B42}
	EndGlobalSection
EndGlobal
